{
  "nodes": {
    "cccl": {
      "flake": false,
      "locked": {
        "lastModified": 1785310908,
        "narHash": "sha256-HA7J5ZzMwiJ4xqKtbWzPBVm06FhP/EmL/AAgUEYkucc=",
        "owner": "NVIDIA",
        "repo": "cccl",
        "rev": "d36012203ef73ac7f966e848dd88482273e91e02",
        "type": "github"
      },
      "original": {
        "owner": "NVIDIA",
        "ref": "v3.4.2",
        "repo": "cccl",
        "type": "github"
      }
    },
    "flake-parts": {
      "inputs": {
        "nixpkgs-lib": "nixpkgs-lib"
      },
      "locked": {
        "lastModified": 1785627969,
        "narHash": "sha256-4dtXQk/NMePegK/nWp5NSeuZKLATItOq61lpEvmXqGw=",
        "owner": "hercules-ci",
        "repo": "flake-parts",
        "rev": "427bf4bd9435fdf21321c8cc628c24efc14c0f7a",
        "type": "github"
      },
      "original": {
        "owner": "hercules-ci",
        "repo": "flake-parts",
        "type": "github"
      }
    },
    "kernels": {
      "flake": false,
      "locked": {
        "lastModified": 1786749308,
        "narHash": "sha256-swO3DCvhxSqdrjS6FWM4wWthR7FyqlPoaFvZPi0tVVs=",
        "owner": "huggingface",
        "repo": "kernels",
        "rev": "b5443818ffe69a740095bb1174ca55e7fbb34c00",
        "type": "github"
      },
      "original": {
        "owner": "huggingface",
        "repo": "kernels",
        "type": "github"
      }
    },
    "nixpkgs": {
      "locked": {
        "lastModified": 1786599213,
        "narHash": "sha256-yNJd40f11EzXBjSByCB7IPpeFFAdeoSKKM67dGkfFoU=",
        "owner": "NixOS",
        "repo": "nixpkgs",
        "rev": "0e251e24a4f24e036a084b6b4b2d2491af4167f4",
        "type": "github"
      },
      "original": {
        "owner": "NixOS",
        "ref": "nixos-unstable",
        "repo": "nixpkgs",
        "type": "github"
      }
    },
    "nixpkgs-lib": {
      "locked": {
        "lastModified": 1785031560,
        "narHash": "sha256-OmshNvn2vupOFpYinLUu+1Dnpu4n7Q5N3ggGVNHpkUI=",
        "owner": "nix-community",
        "repo": "nixpkgs.lib",
        "rev": "0e79af5e3d4dcfcd676ab5ba3f95d2e3352e078c",
        "type": "github"
      },
      "original": {
        "owner": "nix-community",
        "repo": "nixpkgs.lib",
        "type": "github"
      }
    },
    "root": {
      "inputs": {
        "cccl": "cccl",
        "flake-parts": "flake-parts",
        "kernels": "kernels",
        "nixpkgs": "nixpkgs"
      }
    }
  },
  "root": "root",
  "version": 7
}
